Microsoft Visual Studio Solution File, Format Version 11.00
# Visual Studio 2008

Project("{AE6160E2-8C11-77CC-2A5B-6BBA12B9B0BD}") = "CatapultPreparation", "Assembly-CSharp.csproj", "{74B2619C-82ED-6750-AD8A-C7B7A09AE959}"
EndProject
Global
	GlobalSection(SolutionConfigurationPlatforms) = preSolution
		Debug|Any CPU = Debug|Any CPU
		Release|Any CPU = Release|Any CPU
	EndGlobalSection
	GlobalSection(ProjectConfigurationPlatforms) = postSolution
		{74B2619C-82ED-6750-AD8A-C7B7A09AE959}.Debug|Any CPU.ActiveCfg = Debug|Any CPU
		{74B2619C-82ED-6750-AD8A-C7B7A09AE959}.Debug|Any CPU.Build.0 = Debug|Any CPU
		{74B2619C-82ED-6750-AD8A-C7B7A09AE959}.Release|Any CPU.ActiveCfg = Release|Any CPU
		{74B2619C-82ED-6750-AD8A-C7B7A09AE959}.Release|Any CPU.Build.0 = Release|Any CPU
	EndGlobalSection
	GlobalSection(SolutionProperties) = preSolution
		HideSolutionNode = FALSE
	EndGlobalSection
	GlobalSection(MonoDevelopProperties) = preSolution
		StartupItem = Assembly-CSharp.csproj
	EndGlobalSection
EndGlobal
